
Microsoft Visual Studio Solution File, Format Version 12.00
# Visual Studio Version 17
VisualStudioVersion = 17.2.32526.322
MinimumVisualStudioVersion = 10.0.40219.1
Project("{8BC9CEB8-8B4A-11D0-8D11-00A0C91BC942}") = "SharedLibsTest", "SharedLibsTest\SharedLibsTest.vcxproj", "{FC5F75D9-C327-4ACD-8CFE-15A9E31AFFD3}"
	ProjectSection(ProjectDependencies) = postProject
		{1A2512C0-1679-4EC9-84BB-0358C8BF6036} = {1A2512C0-1679-4EC9-84BB-0358C8BF6036}
		{63DD0F8A-29D0-4BB5-BBF9-5E5EECBB6FE4} = {63DD0F8A-29D0-4BB5-BBF9-5E5EECBB6FE4}
	EndProjectSection
EndProject
Project("{8BC9CEB8-8B4A-11D0-8D11-00A0C91BC942}") = "HeaderOnlyInterface", "HeaderOnlyInterface\HeaderOnlyInterface.vcxproj", "{63DD0F8A-29D0-4BB5-BBF9-5E5EECBB6FE4}"
EndProject
Project("{8BC9CEB8-8B4A-11D0-8D11-00A0C91BC942}") = "Implementation", "Implementation\Implementation.vcxproj", "{00A14E44-F128-4947-B9A6-8566BCBE2785}"
	ProjectSection(ProjectDependencies) = postProject
		{63DD0F8A-29D0-4BB5-BBF9-5E5EECBB6FE4} = {63DD0F8A-29D0-4BB5-BBF9-5E5EECBB6FE4}
	EndProjectSection
EndProject
Project("{8BC9CEB8-8B4A-11D0-8D11-00A0C91BC942}") = "Factory", "Factory\Factory.vcxproj", "{1A2512C0-1679-4EC9-84BB-0358C8BF6036}"
	ProjectSection(ProjectDependencies) = postProject
		{00A14E44-F128-4947-B9A6-8566BCBE2785} = {00A14E44-F128-4947-B9A6-8566BCBE2785}
		{63DD0F8A-29D0-4BB5-BBF9-5E5EECBB6FE4} = {63DD0F8A-29D0-4BB5-BBF9-5E5EECBB6FE4}
	EndProjectSection
EndProject
Global
	GlobalSection(SolutionConfigurationPlatforms) = preSolution
		Debug|x64 = Debug|x64
		Debug|x86 = Debug|x86
		Release|x64 = Release|x64
		Release|x86 = Release|x86
	EndGlobalSection
	GlobalSection(ProjectConfigurationPlatforms) = postSolution
		{FC5F75D9-C327-4ACD-8CFE-15A9E31AFFD3}.Debug|x64.ActiveCfg = Debug|x64
		{FC5F75D9-C327-4ACD-8CFE-15A9E31AFFD3}.Debug|x64.Build.0 = Debug|x64
		{FC5F75D9-C327-4ACD-8CFE-15A9E31AFFD3}.Debug|x86.ActiveCfg = Debug|Win32
		{FC5F75D9-C327-4ACD-8CFE-15A9E31AFFD3}.Debug|x86.Build.0 = Debug|Win32
		{FC5F75D9-C327-4ACD-8CFE-15A9E31AFFD3}.Release|x64.ActiveCfg = Release|x64
		{FC5F75D9-C327-4ACD-8CFE-15A9E31AFFD3}.Release|x64.Build.0 = Release|x64
		{FC5F75D9-C327-4ACD-8CFE-15A9E31AFFD3}.Release|x86.ActiveCfg = Release|Win32
		{FC5F75D9-C327-4ACD-8CFE-15A9E31AFFD3}.Release|x86.Build.0 = Release|Win32
		{63DD0F8A-29D0-4BB5-BBF9-5E5EECBB6FE4}.Debug|x64.ActiveCfg = Debug|x64
		{63DD0F8A-29D0-4BB5-BBF9-5E5EECBB6FE4}.Debug|x64.Build.0 = Debug|x64
		{63DD0F8A-29D0-4BB5-BBF9-5E5EECBB6FE4}.Debug|x86.ActiveCfg = Debug|Win32
		{63DD0F8A-29D0-4BB5-BBF9-5E5EECBB6FE4}.Debug|x86.Build.0 = Debug|Win32
		{63DD0F8A-29D0-4BB5-BBF9-5E5EECBB6FE4}.Release|x64.ActiveCfg = Release|x64
		{63DD0F8A-29D0-4BB5-BBF9-5E5EECBB6FE4}.Release|x64.Build.0 = Release|x64
		{63DD0F8A-29D0-4BB5-BBF9-5E5EECBB6FE4}.Release|x86.ActiveCfg = Release|Win32
		{63DD0F8A-29D0-4BB5-BBF9-5E5EECBB6FE4}.Release|x86.Build.0 = Release|Win32
		{00A14E44-F128-4947-B9A6-8566BCBE2785}.Debug|x64.ActiveCfg = Debug|x64
		{00A14E44-F128-4947-B9A6-8566BCBE2785}.Debug|x64.Build.0 = Debug|x64
		{00A14E44-F128-4947-B9A6-8566BCBE2785}.Debug|x86.ActiveCfg = Debug|Win32
		{00A14E44-F128-4947-B9A6-8566BCBE2785}.Debug|x86.Build.0 = Debug|Win32
		{00A14E44-F128-4947-B9A6-8566BCBE2785}.Release|x64.ActiveCfg = Release|x64
		{00A14E44-F128-4947-B9A6-8566BCBE2785}.Release|x64.Build.0 = Release|x64
		{00A14E44-F128-4947-B9A6-8566BCBE2785}.Release|x86.ActiveCfg = Release|Win32
		{00A14E44-F128-4947-B9A6-8566BCBE2785}.Release|x86.Build.0 = Release|Win32
		{1A2512C0-1679-4EC9-84BB-0358C8BF6036}.Debug|x64.ActiveCfg = Debug|x64
		{1A2512C0-1679-4EC9-84BB-0358C8BF6036}.Debug|x64.Build.0 = Debug|x64
		{1A2512C0-1679-4EC9-84BB-0358C8BF6036}.Debug|x86.ActiveCfg = Debug|Win32
		{1A2512C0-1679-4EC9-84BB-0358C8BF6036}.Debug|x86.Build.0 = Debug|Win32
		{1A2512C0-1679-4EC9-84BB-0358C8BF6036}.Release|x64.ActiveCfg = Release|x64
		{1A2512C0-1679-4EC9-84BB-0358C8BF6036}.Release|x64.Build.0 = Release|x64
		{1A2512C0-1679-4EC9-84BB-0358C8BF6036}.Release|x86.ActiveCfg = Release|Win32
		{1A2512C0-1679-4EC9-84BB-0358C8BF6036}.Release|x86.Build.0 = Release|Win32
	EndGlobalSection
	GlobalSection(SolutionProperties) = preSolution
		HideSolutionNode = FALSE
	EndGlobalSection
	GlobalSection(ExtensibilityGlobals) = postSolution
		SolutionGuid = {20BFFE5D-CFC3-41E1-A063-A18B9956E52E}
	EndGlobalSection
EndGlobal
